
Microsoft Visual Studio Solution File, Format Version 12.00
# Visual Studio Version 16
VisualStudioVersion = 16.0.30804.86
MinimumVisualStudioVersion = 10.0.40219.1
Project("{FAE04EC0-301F-11D3-BF4B-00C04F79EFBC}") = "FirstTestProject", "FirstTestProject\FirstTestProject.csproj", "{5DB87E39-84D2-43AF-BD59-A7ED4AD04838}"
EndProject
Project("{FAE04EC0-301F-11D3-BF4B-00C04F79EFBC}") = "FirstTestProject.Tests", "FirstTestProject.Tests\FirstTestProject.Tests.csproj", "{0C995D10-2016-46C4-B9B6-876FD109C65A}"
EndProject
Global
	GlobalSection(SolutionConfigurationPlatforms) = preSolution
		Debug|Any CPU = Debug|Any CPU
		Release|Any CPU = Release|Any CPU
	EndGlobalSection
	GlobalSection(ProjectConfigurationPlatforms) = postSolution
		{5DB87E39-84D2-43AF-BD59-A7ED4AD04838}.Debug|Any CPU.ActiveCfg = Debug|Any CPU
		{5DB87E39-84D2-43AF-BD59-A7ED4AD04838}.Debug|Any CPU.Build.0 = Debug|Any CPU
		{5DB87E39-84D2-43AF-BD59-A7ED4AD04838}.Release|Any CPU.ActiveCfg = Release|Any CPU
		{5DB87E39-84D2-43AF-BD59-A7ED4AD04838}.Release|Any CPU.Build.0 = Release|Any CPU
		{0C995D10-2016-46C4-B9B6-876FD109C65A}.Debug|Any CPU.ActiveCfg = Debug|Any CPU
		{0C995D10-2016-46C4-B9B6-876FD109C65A}.Debug|Any CPU.Build.0 = Debug|Any CPU
		{0C995D10-2016-46C4-B9B6-876FD109C65A}.Release|Any CPU.ActiveCfg = Release|Any CPU
		{0C995D10-2016-46C4-B9B6-876FD109C65A}.Release|Any CPU.Build.0 = Release|Any CPU
	EndGlobalSection
	GlobalSection(SolutionProperties) = preSolution
		HideSolutionNode = FALSE
	EndGlobalSection
	GlobalSection(ExtensibilityGlobals) = postSolution
		SolutionGuid = {F3065880-D054-4F43-9519-0D398B566E41}
	EndGlobalSection
EndGlobal
